{
  "version": 4,
  "terraform_version": "1.12.1",
  "serial": 4,
  "lineage": "2b217020-74da-092d-6b60-1cf2e8a46e5f",
  "outputs": {},
  "resources": [
    {
      "mode": "managed",
      "type": "google_container_cluster",
      "name": "primary",
      "provider": "provider[\"registry.terraform.io/hashicorp/google\"]",
      "instances": [
        {
          "schema_version": 2,
          "attributes": {
            "addons_config": [
              {
                "cloudrun_config": [],
                "config_connector_config": [],
                "dns_cache_config": [],
                "gce_persistent_disk_csi_driver_config": [
                  {
                    "enabled": true
                  }
                ],
                "gcp_filestore_csi_driver_config": [],
                "gcs_fuse_csi_driver_config": [],
                "gke_backup_agent_config": [],
                "horizontal_pod_autoscaling": [],
                "http_load_balancing": [],
                "network_policy_config": [
                  {
                    "disabled": true
                  }
                ],
                "parallelstore_csi_driver_config": [],
                "ray_operator_config": [],
                "stateful_ha_config": []
              }
            ],
            "allow_net_admin": null,
            "authenticator_groups_config": [],
            "binary_authorization": [
              {
                "enabled": false,
                "evaluation_mode": ""
              }
            ],
            "cluster_autoscaling": [
              {
                "auto_provisioning_defaults": [],
                "auto_provisioning_locations": [],
                "autoscaling_profile": "BALANCED",
                "enabled": false,
                "resource_limits": []
              }
            ],
            "cluster_ipv4_cidr": "10.60.0.0/14",
            "confidential_nodes": [],
            "control_plane_endpoints_config": [
              {
                "dns_endpoint_config": [
                  {
                    "allow_external_traffic": false,
                    "endpoint": "gke-e0439630f01f465cb13428f09d6a229bf042-686238647771.europe-west3-a.gke.goog"
                  }
                ],
                "ip_endpoints_config": [
                  {
                    "enabled": true
                  }
                ]
              }
            ],
            "cost_management_config": [],
            "database_encryption": [
              {
                "key_name": "",
                "state": "DECRYPTED"
              }
            ],
            "datapath_provider": "",
            "default_max_pods_per_node": 110,
            "default_snat_status": [
              {
                "disabled": false
              }
            ],
            "deletion_protection": true,
            "description": "",
            "disable_l4_lb_firewall_reconciliation": false,
            "dns_config": [],
            "effective_labels": {
              "goog-terraform-provisioned": "true"
            },
            "enable_autopilot": false,
            "enable_cilium_clusterwide_network_policy": false,
            "enable_fqdn_network_policy": false,
            "enable_intranode_visibility": false,
            "enable_k8s_beta_apis": [],
            "enable_kubernetes_alpha": false,
            "enable_l4_ilb_subsetting": false,
            "enable_legacy_abac": false,
            "enable_multi_networking": false,
            "enable_shielded_nodes": true,
            "enable_tpu": false,
            "endpoint": "34.40.126.100",
            "enterprise_config": [
              {
                "cluster_tier": "STANDARD",
                "desired_tier": ""
              }
            ],
            "fleet": [],
            "gateway_api_config": [],
            "id": "projects/aplicatiicloud-cornel/locations/europe-west3-a/clusters/cloud-application-cluster",
            "identity_service_config": [],
            "in_transit_encryption_config": "",
            "initial_node_count": 1,
            "ip_allocation_policy": [
              {
                "additional_pod_ranges_config": [],
                "cluster_ipv4_cidr_block": "10.60.0.0/14",
                "cluster_secondary_range_name": "gke-cloud-application-cluster-pods-e0439630",
                "pod_cidr_overprovision_config": [
                  {
                    "disabled": false
                  }
                ],
                "services_ipv4_cidr_block": "34.118.224.0/20",
                "services_secondary_range_name": "",
                "stack_type": "IPV4"
              }
            ],
            "label_fingerprint": "78cdf2f6",
            "location": "europe-west3-a",
            "logging_config": [
              {
                "enable_components": [
                  "SYSTEM_COMPONENTS",
                  "WORKLOADS"
                ]
              }
            ],
            "logging_service": "logging.googleapis.com/kubernetes",
            "maintenance_policy": [],
            "master_auth": [
              {
                "client_certificate": "",
                "client_certificate_config": [
                  {
                    "issue_client_certificate": false
                  }
                ],
                "client_key": "",
                "cluster_ca_certificate": "LS0tLS1CRUdJTiBDRVJUSUZJQ0FURS0tLS0tCk1JSUVMRENDQXBTZ0F3SUJBZ0lRZFBBNEJZRXF5bGprdmxXaStyNDAvVEFOQmdrcWhraUc5dzBCQVFzRkFEQXYKTVMwd0t3WURWUVFERXlRNU9EVmpabVpsTXkwNVl6aGpMVFEwWVRBdFltWTFOeTFqWlRRMk5XRXpNMlZoTW1VdwpJQmNOTWpVd05qQTVNVFkxTWpFd1doZ1BNakExTlRBMk1ESXhOelV5TVRCYU1DOHhMVEFyQmdOVkJBTVRKRGs0Ck5XTm1abVV6TFRsak9HTXRORFJoTUMxaVpqVTNMV05sTkRZMVlUTXpaV0V5WlRDQ0FhSXdEUVlKS29aSWh2Y04KQVFFQkJRQURnZ0dQQURDQ0FZb0NnZ0dCQUw0aDR4M054RTh6WFpsdXh0ZDB4RFAvZjBpZE5PNDd5VksxTTBmVgpZQUFQL1htUUcwbmw4UHl6NTF0MVpJQkhKeEl0QWtQaXhYb1FFZzhsSjNrS1RIZXFoSWx4WXJjRFI5QndoVlBMClNvUGRBM2Nub1I1VVcvNktScW1seTRndUFXOVFCR2NTT3Npa2tTbWZWMlAwdWVpVzBQRk94L3IzeVh5N1ZUajkKNStzVkNkVUEvUk14bFZrSlc1RWZJV3B3M1g3UTR5VklyZWExSkN2YS9YeDJKREh4S1Y4TWkvcWN6S1lEV3lnNgpsb3ZTNVBySmFKK2ZTeEg0YXJsRnYxMnc1U2dyYjQwSk9ZRHZuWEh6d28vVnIwVHVDYzlXcE9tcFdWQkYyRW1wCjdTYlZIZmlwMU5tWFprYmVwUzdBZGZBTFUrN0VGVzU3dHk1dVVYUFQyQXphTW5nSmo5ZU1LM09uYitIRmx0OEoKY1RFWHVwTFRmc3pxSVAvOXZWOVlxRDFNcnBoNndTaUhVb2ZvQ0JUNFFObWl2cUlzVTZpa0svejJIV1ZXaWx6TwpEcGNJdXhDblozOUVDRW1DN1ExYXBqV21zd2FVWTZmNTZkOEsvaFYrclFxVnZBR2pTRWhFSmlUUjVsdldZNGhECjNWd2tIaERJVUh3dUNLd0JFMlNsVXRibUt3SURBUUFCbzBJd1FEQU9CZ05WSFE4QkFmOEVCQU1DQWdRd0R3WUQKVlIwVEFRSC9CQVV3QXdFQi96QWRCZ05WSFE0RUZnUVVzKzdPWC9nY2RXTXkybmI5bGZUM2VHbDh6VEF3RFFZSgpLb1pJaHZjTkFRRUxCUUFEZ2dHQkFCK3hzdHF4MkphbjRNeXh4N2dmYS9TdEVoNGZvVzlrZTBYZG9uZVR4WmFyClZuTjBqR3pTaWluM1hUK1ZiVUI2VzhSRm81MXM0bWh4Q01TNTlza2E2OEpVbTh0RG5ISlIwMzVyTmQ4ekE4bnQKRTk2b0g4aDBjclE5dXNFL2g3ZUI0OUExNm53UU1aeU92U0tUNlZBNHBHOW56R0p6SWh5S1l5SzhPbUNuR2xTTApHZ0RyT2ZrVVYzRDV5djRmT21UWUZHbkd5WUtORGV2N3BuSUJpeWtVelUxajBTM2QwODd6SmVadE5hN2JMQXJFCksrbm1oZkJVT3VYc2M2SEoxNkE2SDVhWC9jQWMzYjUvaGZydkYrWG9CeDZERWVhTzJ4SHZXdTE4L3ZIV2hZcjUKK2ZnOG5VanExTG10YnVnVnl5S1VsRE9oUXlmOEJRSkQvRVNEM2Q5WFJQaGZFYVdBQ0cyb0FWK3lLSjVwa1JkRwozQ0pac1RUMVhmdUNERmpNVjFRbnRxYUVBYjA2UnQ3Yy95aTBwQjJLY1dSaVFCd1ZxY2NqaVJ6OGRLUUtCS1l0CjJwZUhsVDlzcmN1blVkSk00REtDRUVXdzkrRCtHa09jNVZlVW1ZRk9xSGtMRjBQUzBveUxTZGRvYnZQRlB1UHgKZnY2UHNLa3k0Nm9KRDhCS3FFYTdlUT09Ci0tLS0tRU5EIENFUlRJRklDQVRFLS0tLS0K"
              }
            ],
            "master_authorized_networks_config": [],
            "master_version": "1.32.4-gke.1236007",
            "mesh_certificates": [],
            "min_master_version": null,
            "monitoring_config": [
              {
                "advanced_datapath_observability_config": [
                  {
                    "enable_metrics": false,
                    "enable_relay": false
                  }
                ],
                "enable_components": [
                  "SYSTEM_COMPONENTS",
                  "DEPLOYMENT",
                  "STATEFULSET",
                  "JOBSET",
                  "STORAGE",
                  "HPA",
                  "POD",
                  "DAEMONSET",
                  "CADVISOR",
                  "KUBELET",
                  "DCGM"
                ],
                "managed_prometheus": [
                  {
                    "auto_monitoring_config": [],
                    "enabled": true
                  }
                ]
              }
            ],
            "monitoring_service": "monitoring.googleapis.com/kubernetes",
            "name": "cloud-application-cluster",
            "network": "projects/aplicatiicloud-cornel/global/networks/default",
            "network_policy": [
              {
                "enabled": false,
                "provider": "PROVIDER_UNSPECIFIED"
              }
            ],
            "networking_mode": "VPC_NATIVE",
            "node_config": [],
            "node_locations": [],
            "node_pool": [],
            "node_pool_auto_config": [
              {
                "linux_node_config": [],
                "network_tags": [],
                "node_kubelet_config": [
                  {
                    "insecure_kubelet_readonly_port_enabled": "FALSE"
                  }
                ],
                "resource_manager_tags": {}
              }
            ],
            "node_pool_defaults": [
              {
                "node_config_defaults": [
                  {
                    "containerd_config": [],
                    "gcfs_config": [],
                    "insecure_kubelet_readonly_port_enabled": "FALSE",
                    "logging_variant": "DEFAULT"
                  }
                ]
              }
            ],
            "node_version": "1.32.4-gke.1236007",
            "notification_config": [
              {
                "pubsub": [
                  {
                    "enabled": false,
                    "filter": [],
                    "topic": ""
                  }
                ]
              }
            ],
            "operation": null,
            "pod_autoscaling": [
              {
                "hpa_profile": "HPA_PROFILE_UNSPECIFIED"
              }
            ],
            "private_cluster_config": [
              {
                "enable_private_endpoint": false,
                "enable_private_nodes": false,
                "master_global_access_config": [
                  {
                    "enabled": false
                  }
                ],
                "master_ipv4_cidr_block": "",
                "peering_name": "",
                "private_endpoint": "10.156.0.2",
                "private_endpoint_subnetwork": "",
                "public_endpoint": "34.40.126.100"
              }
            ],
            "private_ipv6_google_access": "",
            "project": "aplicatiicloud-cornel",
            "release_channel": [
              {
                "channel": "REGULAR"
              }
            ],
            "remove_default_node_pool": true,
            "resource_labels": null,
            "resource_usage_export_config": [],
            "secret_manager_config": [
              {
                "enabled": false
              }
            ],
            "security_posture_config": [
              {
                "mode": "BASIC",
                "vulnerability_mode": "VULNERABILITY_MODE_UNSPECIFIED"
              }
            ],
            "self_link": "https://container.googleapis.com/v1/projects/aplicatiicloud-cornel/zones/europe-west3-a/clusters/cloud-application-cluster",
            "service_external_ips_config": [
              {
                "enabled": false
              }
            ],
            "services_ipv4_cidr": "34.118.224.0/20",
            "subnetwork": "projects/aplicatiicloud-cornel/regions/europe-west3/subnetworks/default",
            "terraform_labels": {
              "goog-terraform-provisioned": "true"
            },
            "timeouts": null,
            "tpu_ipv4_cidr_block": "",
            "user_managed_keys_config": [],
            "vertical_pod_autoscaling": [],
            "workload_identity_config": []
          },
          "sensitive_attributes": [
            [
              {
                "type": "get_attr",
                "value": "master_auth"
              },
              {
                "type": "index",
                "value": {
                  "value": 0,
                  "type": "number"
                }
              },
              {
                "type": "get_attr",
                "value": "client_key"
              }
            ]
          ],
          "identity_schema_version": 0,
          "private": "eyJlMmJmYjczMC1lY2FhLTExZTYtOGY4OC0zNDM2M2JjN2M0YzAiOnsiY3JlYXRlIjoyNDAwMDAwMDAwMDAwLCJkZWxldGUiOjI0MDAwMDAwMDAwMDAsInJlYWQiOjI0MDAwMDAwMDAwMDAsInVwZGF0ZSI6MzYwMDAwMDAwMDAwMH0sInNjaGVtYV92ZXJzaW9uIjoiMiJ9"
        }
      ]
    },
    {
      "mode": "managed",
      "type": "google_container_node_pool",
      "name": "primary_nodes",
      "provider": "provider[\"registry.terraform.io/hashicorp/google\"]",
      "instances": [
        {
          "schema_version": 1,
          "attributes": {
            "autoscaling": [],
            "cluster": "cloud-application-cluster",
            "id": "projects/aplicatiicloud-cornel/locations/europe-west3-a/clusters/cloud-application-cluster/nodePools/primary-node-pool",
            "initial_node_count": 1,
            "instance_group_urls": [
              "https://www.googleapis.com/compute/v1/projects/aplicatiicloud-cornel/zones/europe-west3-a/instanceGroupManagers/gke-cloud-applicatio-primary-node-poo-9fb0ef20-grp"
            ],
            "location": "europe-west3-a",
            "managed_instance_group_urls": [
              "https://www.googleapis.com/compute/v1/projects/aplicatiicloud-cornel/zones/europe-west3-a/instanceGroups/gke-cloud-applicatio-primary-node-poo-9fb0ef20-grp"
            ],
            "management": [
              {
                "auto_repair": true,
                "auto_upgrade": true
              }
            ],
            "max_pods_per_node": 110,
            "name": "primary-node-pool",
            "name_prefix": "",
            "network_config": [
              {
                "additional_node_network_configs": [],
                "additional_pod_network_configs": [],
                "create_pod_range": false,
                "enable_private_nodes": false,
                "network_performance_config": [],
                "pod_cidr_overprovision_config": [],
                "pod_ipv4_cidr_block": "10.60.0.0/14",
                "pod_range": "gke-cloud-application-cluster-pods-e0439630"
              }
            ],
            "node_config": [
              {
                "advanced_machine_features": [],
                "boot_disk_kms_key": "",
                "confidential_nodes": [],
                "containerd_config": [],
                "disk_size_gb": 100,
                "disk_type": "pd-balanced",
                "effective_taints": [],
                "enable_confidential_storage": false,
                "ephemeral_storage_local_ssd_config": [],
                "fast_socket": [],
                "gcfs_config": [],
                "guest_accelerator": [],
                "gvnic": [],
                "host_maintenance_policy": [],
                "image_type": "COS_CONTAINERD",
                "kubelet_config": [
                  {
                    "allowed_unsafe_sysctls": [],
                    "container_log_max_files": 0,
                    "container_log_max_size": "",
                    "cpu_cfs_quota": false,
                    "cpu_cfs_quota_period": "",
                    "cpu_manager_policy": "",
                    "image_gc_high_threshold_percent": 0,
                    "image_gc_low_threshold_percent": 0,
                    "image_maximum_gc_age": "",
                    "image_minimum_gc_age": "",
                    "insecure_kubelet_readonly_port_enabled": "FALSE",
                    "pod_pids_limit": 0
                  }
                ],
                "labels": {},
                "linux_node_config": [],
                "local_nvme_ssd_block_config": [],
                "local_ssd_count": 0,
                "local_ssd_encryption_mode": "",
                "logging_variant": "DEFAULT",
                "machine_type": "e2-medium",
                "max_run_duration": "",
                "metadata": {
                  "disable-legacy-endpoints": "true"
                },
                "min_cpu_platform": "",
                "node_group": "",
                "oauth_scopes": [
                  "https://www.googleapis.com/auth/cloud-platform"
                ],
                "preemptible": false,
                "reservation_affinity": [],
                "resource_labels": {
                  "goog-gke-node-pool-provisioning-model": "on-demand"
                },
                "resource_manager_tags": null,
                "secondary_boot_disks": [],
                "service_account": "default",
                "shielded_instance_config": [
                  {
                    "enable_integrity_monitoring": true,
                    "enable_secure_boot": false
                  }
                ],
                "sole_tenant_config": [],
                "spot": false,
                "storage_pools": null,
                "tags": null,
                "taint": [],
                "windows_node_config": [
                  {
                    "osversion": ""
                  }
                ],
                "workload_metadata_config": []
              }
            ],
            "node_count": 1,
            "node_locations": [
              "europe-west3-a"
            ],
            "operation": null,
            "placement_policy": [],
            "project": "aplicatiicloud-cornel",
            "queued_provisioning": [],
            "timeouts": null,
            "upgrade_settings": [
              {
                "blue_green_settings": [],
                "max_surge": 1,
                "max_unavailable": 0,
                "strategy": "SURGE"
              }
            ],
            "version": "1.32.4-gke.1236007"
          },
          "sensitive_attributes": [],
          "identity_schema_version": 0,
          "private": "eyJlMmJmYjczMC1lY2FhLTExZTYtOGY4OC0zNDM2M2JjN2M0YzAiOnsiY3JlYXRlIjoxODAwMDAwMDAwMDAwLCJkZWxldGUiOjE4MDAwMDAwMDAwMDAsInVwZGF0ZSI6MTgwMDAwMDAwMDAwMH0sInNjaGVtYV92ZXJzaW9uIjoiMSJ9",
          "dependencies": [
            "google_container_cluster.primary"
          ]
        }
      ]
    }
  ],
  "check_results": null
}
